// !$*UTF8*$!
{
	archiveVersion = 1;
	classes = {
	};
	objectVersion = 46;
	objects = {

/* Begin PBXBuildFile section */
		4E8A3EE51D10BEDA00B0E705 /* AppDelegate.swift in Sources */ = {isa = PBXBuildFile; fileRef = 4E8A3EE41D10BEDA00B0E705 /* AppDelegate.swift */; };
		4E8A3EE71D10BEDA00B0E705 /* ViewController.swift in Sources */ = {isa = PBXBuildFile; fileRef = 4E8A3EE61D10BEDA00B0E705 /* ViewController.swift */; };
		4E8A3EEA1D10BEDA00B0E705 /* Main.storyboard in Resources */ = {isa = PBXBuildFile; fileRef = 4E8A3EE81D10BEDA00B0E705 /* Main.storyboard */; };
		4E8A3EEC1D10BEDA00B0E705 /* Assets.xcassets in Resources */ = {isa = PBXBuildFile; fileRef = 4E8A3EEB1D10BEDA00B0E705 /* Assets.xcassets */; };
		4E8A3EEF1D10BEDA00B0E705 /* LaunchScreen.storyboard in Resources */ = {isa = PBXBuildFile; fileRef = 4E8A3EED1D10BEDA00B0E705 /* LaunchScreen.storyboard */; };
		4E8A3EFA1D10BEDA00B0E705 /* FoodTrackerTests.swift in Sources */ = {isa = PBXBuildFile; fileRef = 4E8A3EF91D10BEDA00B0E705 /* FoodTrackerTests.swift */; };
/* End PBXBuildFile section */

/* Begin PBXContainerItemProxy section */
		4E8A3EF61D10BEDA00B0E705 /* PBXContainerItemProxy */ = {
			isa = PBXContainerItemProxy;
			containerPortal = 4E8A3ED91D10BED900B0E705 /* Project object */;
			proxyType = 1;
			remoteGlobalIDString = 4E8A3EE01D10BED900B0E705;
			remoteInfo = FoodTracker;
		};
/* End PBXContainerItemProxy section */

/* Begin PBXFileReference section */
		4E8A3EE11D10BED900B0E705 /* FoodTracker.app */ = {isa = PBXFileReference; explicitFileType = wrapper.application; includeInIndex = 0; path = FoodTracker.app; sourceTree = BUILT_PRODUCTS_DIR; };
		4E8A3EE41D10BEDA00B0E705 /* AppDelegate.swift */ = {isa = PBXFileReference; lastKnownFileType = sourcecode.swift; path = AppDelegate.swift; sourceTree = "<group>"; };
		4E8A3EE61D10BEDA00B0E705 /* ViewController.swift */ = {isa = PBXFileReference; lastKnownFileType = sourcecode.swift; path = ViewController.swift; sourceTree = "<group>"; };
		4E8A3EE91D10BEDA00B0E705 /* Base */ = {isa = PBXFileReference; lastKnownFileType = file.storyboard; name = Base; path = Base.lproj/Main.storyboard; sourceTree = "<group>"; };
		4E8A3EEB1D10BEDA00B0E705 /* Assets.xcassets */ = {isa = PBXFileReference; lastKnownFileType = folder.assetcatalog; path = Assets.xcassets; sourceTree = "<group>"; };
		4E8A3EEE1D10BEDA00B0E705 /* Base */ = {isa = PBXFileReference; lastKnownFileType = file.storyboard; name = Base; path = Base.lproj/LaunchScreen.storyboard; sourceTree = "<group>"; };
		4E8A3EF01D10BEDA00B0E705 /* Info.plist */ = {isa = PBXFileReference; lastKnownFileType = text.plist.xml; path = Info.plist; sourceTree = "<group>"; };
		4E8A3EF51D10BEDA00B0E705 /* FoodTrackerTests.xctest */ = {isa = PBXFileReference; explicitFileType = wrapper.cfbundle; includeInIndex = 0; path = FoodTrackerTests.xctest; sourceTree = BUILT_PRODUCTS_DIR; };
		4E8A3EF91D10BEDA00B0E705 /* FoodTrackerTests.swift */ = {isa = PBXFileReference; lastKnownFileType = sourcecode.swift; path = FoodTrackerTests.swift; sourceTree = "<group>"; };
		4E8A3EFB1D10BEDB00B0E705 /* Info.plist */ = {isa = PBXFileReference; lastKnownFileType = text.plist.xml; path = Info.plist; sourceTree = "<group>"; };
/* End PBXFileReference section */

/* Begin PBXFrameworksBuildPhase section */
		4E8A3EDE1D10BED900B0E705 /* Frameworks */ = {
			isa = PBXFrameworksBuildPhase;
			buildActionMask = 2147483647;
			files = (
			);
			runOnlyForDeploymentPostprocessing = 0;
		};
		4E8A3EF21D10BEDA00B0E705 /* Frameworks */ = {
			isa = PBXFrameworksBuildPhase;
			buildActionMask = 2147483647;
			files = (
			);
			runOnlyForDeploymentPostprocessing = 0;
		};
/* End PBXFrameworksBuildPhase section */

/* Begin PBXGroup section */
		4E8A3ED81D10BED900B0E705 = {
			isa = PBXGroup;
			children = (
				4E8A3EE31D10BEDA00B0E705 /* FoodTracker */,
				4E8A3EF81D10BEDA00B0E705 /* FoodTrackerTests */,
				4E8A3EE21D10BED900B0E705 /* Products */,
			);
			sourceTree = "<group>";
		};
		4E8A3EE21D10BED900B0E705 /* Products */ = {
			isa = PBXGroup;
			children = (
				4E8A3EE11D10BED900B0E705 /* FoodTracker.app */,
				4E8A3EF51D10BEDA00B0E705 /* FoodTrackerTests.xctest */,
			);
			name = Products;
			sourceTree = "<group>";
		};
		4E8A3EE31D10BEDA00B0E705 /* FoodTracker */ = {
			isa = PBXGroup;
			children = (
				4E8A3EE41D10BEDA00B0E705 /* AppDelegate.swift */,
				4E8A3EE61D10BEDA00B0E705 /* ViewController.swift */,
				4E8A3EE81D10BEDA00B0E705 /* Main.storyboard */,
				4E8A3EEB1D10BEDA00B0E705 /* Assets.xcassets */,
				4E8A3EED1D10BEDA00B0E705 /* LaunchScreen.storyboard */,
				4E8A3EF01D10BEDA00B0E705 /* Info.plist */,
			);
			path = FoodTracker;
			sourceTree = "<group>";
		};
		4E8A3EF81D10BEDA00B0E705 /* FoodTrackerTests */ = {
			isa = PBXGroup;
			children = (
				4E8A3EF91D10BEDA00B0E705 /* FoodTrackerTests.swift */,
				4E8A3EFB1D10BEDB00B0E705 /* Info.plist */,
			);
			path = FoodTrackerTests;
			sourceTree = "<group>";
		};
/* End PBXGroup section */

/* Begin PBXNativeTarget section */
		4E8A3EE01D10BED900B0E705 /* FoodTracker */ = {
			isa = PBXNativeTarget;
			buildConfigurationList = 4E8A3EFE1D10BEDB00B0E705 /* Build configuration list for PBXNativeTarget "FoodTracker" */;
			buildPhases = (
				4E8A3EDD1D10BED900B0E705 /* Sources */,
				4E8A3EDE1D10BED900B0E705 /* Frameworks */,
				4E8A3EDF1D10BED900B0E705 /* Resources */,
			);
			buildRules = (
			);
			dependencies = (
			);
			name = FoodTracker;
			productName = FoodTracker;
			productReference = 4E8A3EE11D10BED900B0E705 /* FoodTracker.app */;
			productType = "com.apple.product-type.application";
		};
		4E8A3EF41D10BEDA00B0E705 /* FoodTrackerTests */ = {
			isa = PBXNativeTarget;
			buildConfigurationList = 4E8A3F011D10BEDB00B0E705 /* Build configuration list for PBXNativeTarget "FoodTrackerTests" */;
			buildPhases = (
				4E8A3EF11D10BEDA00B0E705 /* Sources */,
				4E8A3EF21D10BEDA00B0E705 /* Frameworks */,
				4E8A3EF31D10BEDA00B0E705 /* Resources */,
			);
			buildRules = (
			);
			dependencies = (
				4E8A3EF71D10BEDA00B0E705 /* PBXTargetDependency */,
			);
			name = FoodTrackerTests;
			productName = FoodTrackerTests;
			productReference = 4E8A3EF51D10BEDA00B0E705 /* FoodTrackerTests.xctest */;
			productType = "com.apple.product-type.bundle.unit-test";
		};
/* End PBXNativeTarget section */

/* Begin PBXProject section */
		4E8A3ED91D10BED900B0E705 /* Project object */ = {
			isa = PBXProject;
			attributes = {
				LastSwiftUpdateCheck = 0730;
				LastUpgradeCheck = 0730;
				ORGANIZATIONNAME = EasyMob;
				TargetAttributes = {
					4E8A3EE01D10BED900B0E705 = {
						CreatedOnToolsVersion = 7.3.1;
						DevelopmentTeam = 64BZ9T7LV6;
					};
					4E8A3EF41D10BEDA00B0E705 = {
						CreatedOnToolsVersion = 7.3.1;
						DevelopmentTeam = 64BZ9T7LV6;
						TestTargetID = 4E8A3EE01D10BED900B0E705;
					};
				};
			};
			buildConfigurationList = 4E8A3EDC1D10BED900B0E705 /* Build configuration list for PBXProject "FoodTracker" */;
			compatibilityVersion = "Xcode 3.2";
			developmentRegion = English;
			hasScannedForEncodings = 0;
			knownRegions = (
				en,
				Base,
			);
			mainGroup = 4E8A3ED81D10BED900B0E705;
			productRefGroup = 4E8A3EE21D10BED900B0E705 /* Products */;
			projectDirPath = "";
			projectRoot = "";
			targets = (
				4E8A3EE01D10BED900B0E705 /* FoodTracker */,
				4E8A3EF41D10BEDA00B0E705 /* FoodTrackerTests */,
			);
		};
/* End PBXProject section */

/* Begin PBXResourcesBuildPhase section */
		4E8A3EDF1D10BED900B0E705 /* Resources */ = {
			isa = PBXResourcesBuildPhase;
			buildActionMask = 2147483647;
			files = (
				4E8A3EEF1D10BEDA00B0E705 /* LaunchScreen.storyboard in Resources */,
				4E8A3EEC1D10BEDA00B0E705 /* Assets.xcassets in Resources */,
				4E8A3EEA1D10BEDA00B0E705 /* Main.storyboard in Resources */,
			);
			runOnlyForDeploymentPostprocessing = 0;
		};
		4E8A3EF31D10BEDA00B0E705 /* Resources */ = {
			isa = PBXResourcesBuildPhase;
			buildActionMask = 2147483647;
			files = (
			);
			runOnlyForDeploymentPostprocessing = 0;
		};
/* End PBXResourcesBuildPhase section */

/* Begin PBXSourcesBuildPhase section */
		4E8A3EDD1D10BED900B0E705 /* Sources */ = {
			isa = PBXSourcesBuildPhase;
			buildActionMask = 2147483647;
			files = (
				4E8A3EE71D10BEDA00B0E705 /* ViewController.swift in Sources */,
				4E8A3EE51D10BEDA00B0E705 /* AppDelegate.swift in Sources */,
			);
			runOnlyForDeploymentPostprocessing = 0;
		};
		4E8A3EF11D10BEDA00B0E705 /* Sources */ = {
			isa = PBXSourcesBuildPhase;
			buildActionMask = 2147483647;
			files = (
				4E8A3EFA1D10BEDA00B0E705 /* FoodTrackerTests.swift in Sources */,
			);
			runOnlyForDeploymentPostprocessing = 0;
		};
/* End PBXSourcesBuildPhase section */

/* Begin PBXTargetDependency section */
		4E8A3EF71D10BEDA00B0E705 /* PBXTargetDependency */ = {
			isa = PBXTargetDependency;
			target = 4E8A3EE01D10BED900B0E705 /* FoodTracker */;
			targetProxy = 4E8A3EF61D10BEDA00B0E705 /* PBXContainerItemProxy */;
		};
/* End PBXTargetDependency section */

/* Begin PBXVariantGroup section */
		4E8A3EE81D10BEDA00B0E705 /* Main.storyboard */ = {
			isa = PBXVariantGroup;
			children = (
				4E8A3EE91D10BEDA00B0E705 /* Base */,
			);
			name = Main.storyboard;
			sourceTree = "<group>";
		};
		4E8A3EED1D10BEDA00B0E705 /* LaunchScreen.storyboard */ = {
			isa = PBXVariantGroup;
			children = (
				4E8A3EEE1D10BEDA00B0E705 /* Base */,
			);
			name = LaunchScreen.storyboard;
			sourceTree = "<group>";
		};
/* End PBXVariantGroup section */

/* Begin XCBuildConfiguration section */
		4E8A3EFC1D10BEDB00B0E705 /* Debug */ = {
			isa = XCBuildConfiguration;
			buildSettings = {
				ALWAYS_SEARCH_USER_PATHS = NO;
				CLANG_ANALYZER_NONNULL = YES;
				CLANG_CXX_LANGUAGE_STANDARD = "gnu++0x";
				CLANG_CXX_LIBRARY = "libc++";
				CLANG_ENABLE_MODULES = YES;
				CLANG_ENABLE_OBJC_ARC = YES;
				CLANG_WARN_BOOL_CONVERSION = YES;
				CLANG_WARN_CONSTANT_CONVERSION = YES;
				CLANG_WARN_DIRECT_OBJC_ISA_USAGE = YES_ERROR;
				CLANG_WARN_EMPTY_BODY = YES;
				CLANG_WARN_ENUM_CONVERSION = YES;
				CLANG_WARN_INT_CONVERSION = YES;
				CLANG_WARN_OBJC_ROOT_CLASS = YES_ERROR;
				CLANG_WARN_UNREACHABLE_CODE = YES;
				CLANG_WARN__DUPLICATE_METHOD_MATCH = YES;
				"CODE_SIGN_IDENTITY[sdk=iphoneos*]" = "iPhone Developer";
				COPY_PHASE_STRIP = NO;
				DEBUG_INFORMATION_FORMAT = dwarf;
				ENABLE_STRICT_OBJC_MSGSEND = YES;
				ENABLE_TESTABILITY = YES;
				GCC_C_LANGUAGE_STANDARD = gnu99;
				GCC_DYNAMIC_NO_PIC = NO;
				GCC_NO_COMMON_BLOCKS = YES;
				GCC_OPTIMIZATION_LEVEL = 0;
				GCC_PREPROCESSOR_DEFINITIONS = (
					"DEBUG=1",
					"$(inherited)",
				);
				GCC_WARN_64_TO_32_BIT_CONVERSION = YES;
				GCC_WARN_ABOUT_RETURN_TYPE = YES_ERROR;
				GCC_WARN_UNDECLARED_SELECTOR = YES;
				GCC_WARN_UNINITIALIZED_AUTOS = YES_AGGRESSIVE;
				GCC_WARN_UNUSED_FUNCTION = YES;
				GCC_WARN_UNUSED_VARIABLE = YES;
				IPHONEOS_DEPLOYMENT_TARGET = 9.3;
				MTL_ENABLE_DEBUG_INFO = YES;
				ONLY_ACTIVE_ARCH = YES;
				SDKROOT = iphoneos;
				SWIFT_OPTIMIZATION_LEVEL = "-Onone";
				TARGETED_DEVICE_FAMILY = "1,2";
			};
			name = Debug;
		};
		4E8A3EFD1D10BEDB00B0E705 /* Release */ = {
			isa = XCBuildConfiguration;
			buildSettings = {
				ALWAYS_SEARCH_USER_PATHS = NO;
				CLANG_ANALYZER_NONNULL = YES;
				CLANG_CXX_LANGUAGE_STANDARD = "gnu++0x";
				CLANG_CXX_LIBRARY = "libc++";
				CLANG_ENABLE_MODULES = YES;
				CLANG_ENABLE_OBJC_ARC = YES;
				CLANG_WARN_BOOL_CONVERSION = YES;
				CLANG_WARN_CONSTANT_CONVERSION = YES;
				CLANG_WARN_DIRECT_OBJC_ISA_USAGE = YES_ERROR;
				CLANG_WARN_EMPTY_BODY = YES;
				CLANG_WARN_ENUM_CONVERSION = YES;
				CLANG_WARN_INT_CONVERSION = YES;
				CLANG_WARN_OBJC_ROOT_CLASS = YES_ERROR;
				CLANG_WARN_UNREACHABLE_CODE = YES;
				CLANG_WARN__DUPLICATE_METHOD_MATCH = YES;
				"CODE_SIGN_IDENTITY[sdk=iphoneos*]" = "iPhone Developer";
				COPY_PHASE_STRIP = NO;
				DEBUG_INFORMATION_FORMAT = "dwarf-with-dsym";
				ENABLE_NS_ASSERTIONS = NO;
				ENABLE_STRICT_OBJC_MSGSEND = YES;
				GCC_C_LANGUAGE_STANDARD = gnu99;
				GCC_NO_COMMON_BLOCKS = YES;
				GCC_WARN_64_TO_32_BIT_CONVERSION = YES;
				GCC_WARN_ABOUT_RETURN_TYPE = YES_ERROR;
				GCC_WARN_UNDECLARED_SELECTOR = YES;
				GCC_WARN_UNINITIALIZED_AUTOS = YES_AGGRESSIVE;
				GCC_WARN_UNUSED_FUNCTION = YES;
				GCC_WARN_UNUSED_VARIABLE = YES;
				IPHONEOS_DEPLOYMENT_TARGET = 9.3;
				MTL_ENABLE_DEBUG_INFO = NO;
				SDKROOT = iphoneos;
				TARGETED_DEVICE_FAMILY = "1,2";
				VALIDATE_PRODUCT = YES;
			};
			name = Release;
		};
		4E8A3EFF1D10BEDB00B0E705 /* Debug */ = {
			isa = XCBuildConfiguration;
			buildSettings = {
				ASSETCATALOG_COMPILER_APPICON_NAME = AppIcon;
				CODE_SIGN_IDENTITY = "iPhone Developer";
				"CODE_SIGN_IDENTITY[sdk=iphoneos*]" = "iPhone Developer";
				INFOPLIST_FILE = FoodTracker/Info.plist;
				LD_RUNPATH_SEARCH_PATHS = "$(inherited) @executable_path/Frameworks";
				PRODUCT_BUNDLE_IDENTIFIER = com.easymob.FoodTracker;
				PRODUCT_NAME = "$(TARGET_NAME)";
				PROVISIONING_PROFILE = "";
				VERSIONING_SYSTEM = "";
			};
			name = Debug;
		};
		4E8A3F001D10BEDB00B0E705 /* Release */ = {
			isa = XCBuildConfiguration;
			buildSettings = {
				ASSETCATALOG_COMPILER_APPICON_NAME = AppIcon;
				CODE_SIGN_IDENTITY = "iPhone Developer";
				"CODE_SIGN_IDENTITY[sdk=iphoneos*]" = "iPhone Developer";
				INFOPLIST_FILE = FoodTracker/Info.plist;
				LD_RUNPATH_SEARCH_PATHS = "$(inherited) @executable_path/Frameworks";
				PRODUCT_BUNDLE_IDENTIFIER = com.easymob.FoodTracker;
				PRODUCT_NAME = "$(TARGET_NAME)";
				PROVISIONING_PROFILE = "";
				VERSIONING_SYSTEM = "";
			};
			name = Release;
		};
		4E8A3F021D10BEDB00B0E705 /* Debug */ = {
			isa = XCBuildConfiguration;
			buildSettings = {
				BUNDLE_LOADER = "$(TEST_HOST)";
				INFOPLIST_FILE = FoodTrackerTests/Info.plist;
				LD_RUNPATH_SEARCH_PATHS = "$(inherited) @executable_path/Frameworks @loader_path/Frameworks";
				PRODUCT_BUNDLE_IDENTIFIER = com.easymob.FoodTrackerTests;
				PRODUCT_NAME = "$(TARGET_NAME)";
				TEST_HOST = "$(BUILT_PRODUCTS_DIR)/FoodTracker.app/FoodTracker";
			};
			name = Debug;
		};
		4E8A3F031D10BEDB00B0E705 /* Release */ = {
			isa = XCBuildConfiguration;
			buildSettings = {
				BUNDLE_LOADER = "$(TEST_HOST)";
				INFOPLIST_FILE = FoodTrackerTests/Info.plist;
				LD_RUNPATH_SEARCH_PATHS = "$(inherited) @executable_path/Frameworks @loader_path/Frameworks";
				PRODUCT_BUNDLE_IDENTIFIER = com.easymob.FoodTrackerTests;
				PRODUCT_NAME = "$(TARGET_NAME)";
				TEST_HOST = "$(BUILT_PRODUCTS_DIR)/FoodTracker.app/FoodTracker";
			};
			name = Release;
		};
/* End XCBuildConfiguration section */

/* Begin XCConfigurationList section */
		4E8A3EDC1D10BED900B0E705 /* Build configuration list for PBXProject "FoodTracker" */ = {
			isa = XCConfigurationList;
			buildConfigurations = (
				4E8A3EFC1D10BEDB00B0E705 /* Debug */,
				4E8A3EFD1D10BEDB00B0E705 /* Release */,
			);
			defaultConfigurationIsVisible = 0;
			defaultConfigurationName = Release;
		};
		4E8A3EFE1D10BEDB00B0E705 /* Build configuration list for PBXNativeTarget "FoodTracker" */ = {
			isa = XCConfigurationList;
			buildConfigurations = (
				4E8A3EFF1D10BEDB00B0E705 /* Debug */,
				4E8A3F001D10BEDB00B0E705 /* Release */,
			);
			defaultConfigurationIsVisible = 0;
		};
		4E8A3F011D10BEDB00B0E705 /* Build configuration list for PBXNativeTarget "FoodTrackerTests" */ = {
			isa = XCConfigurationList;
			buildConfigurations = (
				4E8A3F021D10BEDB00B0E705 /* Debug */,
				4E8A3F031D10BEDB00B0E705 /* Release */,
			);
			defaultConfigurationIsVisible = 0;
		};
/* End XCConfigurationList section */
	};
	rootObject = 4E8A3ED91D10BED900B0E705 /* Project object */;
}
